
Microsoft Visual Studio Solution File, Format Version 12.00
# Visual Studio Version 17
VisualStudioVersion = 17.14.36623.8
MinimumVisualStudioVersion = 10.0.40219.1
Project("{FAE04EC0-301F-11D3-BF4B-00C04F79EFBC}") = "Dental_Clinic", "Dental_Clinic.csproj", "{0B7A495B-22D5-2954-0E32-59107523ABE4}"
EndProject
Global
	GlobalSection(SolutionConfigurationPlatforms) = preSolution
		Debug|Any CPU = Debug|Any CPU
		Debug|x64 = Debug|x64
		Release|Any CPU = Release|Any CPU
		Release|x64 = Release|x64
	EndGlobalSection
	GlobalSection(ProjectConfigurationPlatforms) = postSolution
		{0B7A495B-22D5-2954-0E32-59107523ABE4}.Debug|Any CPU.ActiveCfg = Debug|Any CPU
		{0B7A495B-22D5-2954-0E32-59107523ABE4}.Debug|Any CPU.Build.0 = Debug|Any CPU
		{0B7A495B-22D5-2954-0E32-59107523ABE4}.Debug|Any CPU.Deploy.0 = Debug|Any CPU
		{0B7A495B-22D5-2954-0E32-59107523ABE4}.Debug|x64.ActiveCfg = Debug|x64
		{0B7A495B-22D5-2954-0E32-59107523ABE4}.Debug|x64.Build.0 = Debug|x64
		{0B7A495B-22D5-2954-0E32-59107523ABE4}.Debug|x64.Deploy.0 = Debug|x64
		{0B7A495B-22D5-2954-0E32-59107523ABE4}.Release|Any CPU.ActiveCfg = Release|Any CPU
		{0B7A495B-22D5-2954-0E32-59107523ABE4}.Release|Any CPU.Build.0 = Release|Any CPU
		{0B7A495B-22D5-2954-0E32-59107523ABE4}.Release|x64.ActiveCfg = Release|x64
		{0B7A495B-22D5-2954-0E32-59107523ABE4}.Release|x64.Build.0 = Release|x64
		{0B7A495B-22D5-2954-0E32-59107523ABE4}.Release|x64.Deploy.0 = Release|x64
	EndGlobalSection
	GlobalSection(SolutionProperties) = preSolution
		HideSolutionNode = FALSE
	EndGlobalSection
	GlobalSection(ExtensibilityGlobals) = postSolution
		SolutionGuid = {D6644AC7-428D-409B-8272-25F142C17444}
	EndGlobalSection
EndGlobal
